
Microsoft Visual Studio Solution File, Format Version 12.00
# Visual Studio Version 17
VisualStudioVersion = 17.2.32616.157
MinimumVisualStudioVersion = 10.0.40219.1
Project("{9A19103F-16F7-4668-BE54-9A1E7A4F7556}") = "DynamicComponents.SampleApp", "DynamicComponents.SampleApp\DynamicComponents.SampleApp.csproj", "{93234DEB-958C-4E40-8186-74A1E57148A0}"
EndProject
Global
	GlobalSection(SolutionConfigurationPlatforms) = preSolution
		Debug|Any CPU = Debug|Any CPU
		Release|Any CPU = Release|Any CPU
	EndGlobalSection
	GlobalSection(ProjectConfigurationPlatforms) = postSolution
		{93234DEB-958C-4E40-8186-74A1E57148A0}.Debug|Any CPU.ActiveCfg = Debug|Any CPU
		{93234DEB-958C-4E40-8186-74A1E57148A0}.Debug|Any CPU.Build.0 = Debug|Any CPU
		{93234DEB-958C-4E40-8186-74A1E57148A0}.Release|Any CPU.ActiveCfg = Release|Any CPU
		{93234DEB-958C-4E40-8186-74A1E57148A0}.Release|Any CPU.Build.0 = Release|Any CPU
	EndGlobalSection
	GlobalSection(SolutionProperties) = preSolution
		HideSolutionNode = FALSE
	EndGlobalSection
	GlobalSection(ExtensibilityGlobals) = postSolution
		SolutionGuid = {598B7BCA-BA59-493D-8410-9F698704D7E7}
	EndGlobalSection
EndGlobal
